// !$*UTF8*$!
{
	archiveVersion = 1;
	classes = {
	};
	objectVersion = 56;
	objects = {

/* Begin PBXBuildFile section */
		A9B10DB42B308CC4001C58DB /* AppDelegate.swift in Sources */ = {isa = PBXBuildFile; fileRef = A9B10DB32B308CC4001C58DB /* AppDelegate.swift */; };
		A9B10DB62B308CC4001C58DB /* SceneDelegate.swift in Sources */ = {isa = PBXBuildFile; fileRef = A9B10DB52B308CC4001C58DB /* SceneDelegate.swift */; };
		A9B10DBB2B308CC4001C58DB /* Main.storyboard in Resources */ = {isa = PBXBuildFile; fileRef = A9B10DB92B308CC4001C58DB /* Main.storyboard */; };
		A9B10DBD2B308CC6001C58DB /* Assets.xcassets in Resources */ = {isa = PBXBuildFile; fileRef = A9B10DBC2B308CC6001C58DB /* Assets.xcassets */; };
		A9B10DC02B308CC6001C58DB /* LaunchScreen.storyboard in Resources */ = {isa = PBXBuildFile; fileRef = A9B10DBE2B308CC6001C58DB /* LaunchScreen.storyboard */; };
		A9B10DF82B3335C5001C58DB /* Groups.swift in Sources */ = {isa = PBXBuildFile; fileRef = A9B10DE72B3335C5001C58DB /* Groups.swift */; };
		A9B10DF92B3335C5001C58DB /* ViewController.swift in Sources */ = {isa = PBXBuildFile; fileRef = A9B10DE82B3335C5001C58DB /* ViewController.swift */; };
		A9B10DFA2B3335C5001C58DB /* ViewControllerFrends.swift in Sources */ = {isa = PBXBuildFile; fileRef = A9B10DE92B3335C5001C58DB /* ViewControllerFrends.swift */; };
		A9B10DFB2B3335C5001C58DB /* CollectionViewCell.swift in Sources */ = {isa = PBXBuildFile; fileRef = A9B10DEA2B3335C5001C58DB /* CollectionViewCell.swift */; };
		A9B10DFC2B3335C5001C58DB /* CustomTableViewCell.swift in Sources */ = {isa = PBXBuildFile; fileRef = A9B10DEB2B3335C5001C58DB /* CustomTableViewCell.swift */; };
		A9B10DFD2B3335C5001C58DB /* Photos.swift in Sources */ = {isa = PBXBuildFile; fileRef = A9B10DEC2B3335C5001C58DB /* Photos.swift */; };
		A9B10DFE2B3335C5001C58DB /* CollectionViewCards.swift in Sources */ = {isa = PBXBuildFile; fileRef = A9B10DED2B3335C5001C58DB /* CollectionViewCards.swift */; };
		A9B10DFF2B3335C5001C58DB /* Frends.swift in Sources */ = {isa = PBXBuildFile; fileRef = A9B10DEE2B3335C5001C58DB /* Frends.swift */; };
		A9B10E002B3335C5001C58DB /* ViewControllerPhotos.swift in Sources */ = {isa = PBXBuildFile; fileRef = A9B10DEF2B3335C5001C58DB /* ViewControllerPhotos.swift */; };
		A9B10E012B3335C5001C58DB /* TabBarController.swift in Sources */ = {isa = PBXBuildFile; fileRef = A9B10DF02B3335C5001C58DB /* TabBarController.swift */; };
		A9B10E032B3335C5001C58DB /* NetworkServisGroups.swift in Sources */ = {isa = PBXBuildFile; fileRef = A9B10DF22B3335C5001C58DB /* NetworkServisGroups.swift */; };
		A9B10E042B3335C5001C58DB /* CollectionViewFlowLayoutCards.swift in Sources */ = {isa = PBXBuildFile; fileRef = A9B10DF32B3335C5001C58DB /* CollectionViewFlowLayoutCards.swift */; };
		A9B10E052B3335C5001C58DB /* NetworkServisPhotos.swift in Sources */ = {isa = PBXBuildFile; fileRef = A9B10DF42B3335C5001C58DB /* NetworkServisPhotos.swift */; };
		A9B10E072B3335C5001C58DB /* ViewControllerGroups.swift in Sources */ = {isa = PBXBuildFile; fileRef = A9B10DF62B3335C5001C58DB /* ViewControllerGroups.swift */; };
		A9B10E082B3335C5001C58DB /* NetworkServisFrends.swift in Sources */ = {isa = PBXBuildFile; fileRef = A9B10DF72B3335C5001C58DB /* NetworkServisFrends.swift */; };
/* End PBXBuildFile section */

/* Begin PBXFileReference section */
		A9B10DB02B308CC4001C58DB /* HomeWork_3.app */ = {isa = PBXFileReference; explicitFileType = wrapper.application; includeInIndex = 0; path = HomeWork_3.app; sourceTree = BUILT_PRODUCTS_DIR; };
		A9B10DB32B308CC4001C58DB /* AppDelegate.swift */ = {isa = PBXFileReference; lastKnownFileType = sourcecode.swift; path = AppDelegate.swift; sourceTree = "<group>"; };
		A9B10DB52B308CC4001C58DB /* SceneDelegate.swift */ = {isa = PBXFileReference; lastKnownFileType = sourcecode.swift; path = SceneDelegate.swift; sourceTree = "<group>"; };
		A9B10DBA2B308CC4001C58DB /* Base */ = {isa = PBXFileReference; lastKnownFileType = file.storyboard; name = Base; path = Base.lproj/Main.storyboard; sourceTree = "<group>"; };
		A9B10DBC2B308CC6001C58DB /* Assets.xcassets */ = {isa = PBXFileReference; lastKnownFileType = folder.assetcatalog; path = Assets.xcassets; sourceTree = "<group>"; };
		A9B10DBF2B308CC6001C58DB /* Base */ = {isa = PBXFileReference; lastKnownFileType = file.storyboard; name = Base; path = Base.lproj/LaunchScreen.storyboard; sourceTree = "<group>"; };
		A9B10DC12B308CC6001C58DB /* Info.plist */ = {isa = PBXFileReference; lastKnownFileType = text.plist.xml; path = Info.plist; sourceTree = "<group>"; };
		A9B10DE72B3335C5001C58DB /* Groups.swift */ = {isa = PBXFileReference; fileEncoding = 4; lastKnownFileType = sourcecode.swift; name = Groups.swift; path = ../../../Downloads/Solution_3.3/Solution_3.2/Groups.swift; sourceTree = "<group>"; };
		A9B10DE82B3335C5001C58DB /* ViewController.swift */ = {isa = PBXFileReference; fileEncoding = 4; lastKnownFileType = sourcecode.swift; name = ViewController.swift; path = ../../../Downloads/Solution_3.3/Solution_3.2/ViewController.swift; sourceTree = "<group>"; };
		A9B10DE92B3335C5001C58DB /* ViewControllerFrends.swift */ = {isa = PBXFileReference; fileEncoding = 4; lastKnownFileType = sourcecode.swift; name = ViewControllerFrends.swift; path = ../../../Downloads/Solution_3.3/Solution_3.2/ViewControllerFrends.swift; sourceTree = "<group>"; };
		A9B10DEA2B3335C5001C58DB /* CollectionViewCell.swift */ = {isa = PBXFileReference; fileEncoding = 4; lastKnownFileType = sourcecode.swift; name = CollectionViewCell.swift; path = ../../../Downloads/Solution_3.3/Solution_3.2/CollectionViewCell.swift; sourceTree = "<group>"; };
		A9B10DEB2B3335C5001C58DB /* CustomTableViewCell.swift */ = {isa = PBXFileReference; fileEncoding = 4; lastKnownFileType = sourcecode.swift; name = CustomTableViewCell.swift; path = ../../../Downloads/Solution_3.3/Solution_3.2/CustomTableViewCell.swift; sourceTree = "<group>"; };
		A9B10DEC2B3335C5001C58DB /* Photos.swift */ = {isa = PBXFileReference; fileEncoding = 4; lastKnownFileType = sourcecode.swift; name = Photos.swift; path = ../../../Downloads/Solution_3.3/Solution_3.2/Photos.swift; sourceTree = "<group>"; };
		A9B10DED2B3335C5001C58DB /* CollectionViewCards.swift */ = {isa = PBXFileReference; fileEncoding = 4; lastKnownFileType = sourcecode.swift; name = CollectionViewCards.swift; path = ../../../Downloads/Solution_3.3/Solution_3.2/CollectionViewCards.swift; sourceTree = "<group>"; };
		A9B10DEE2B3335C5001C58DB /* Frends.swift */ = {isa = PBXFileReference; fileEncoding = 4; lastKnownFileType = sourcecode.swift; name = Frends.swift; path = ../../../Downloads/Solution_3.3/Solution_3.2/Frends.swift; sourceTree = "<group>"; };
		A9B10DEF2B3335C5001C58DB /* ViewControllerPhotos.swift */ = {isa = PBXFileReference; fileEncoding = 4; lastKnownFileType = sourcecode.swift; name = ViewControllerPhotos.swift; path = ../../../Downloads/Solution_3.3/Solution_3.2/ViewControllerPhotos.swift; sourceTree = "<group>"; };
		A9B10DF02B3335C5001C58DB /* TabBarController.swift */ = {isa = PBXFileReference; fileEncoding = 4; lastKnownFileType = sourcecode.swift; name = TabBarController.swift; path = ../../../Downloads/Solution_3.3/Solution_3.2/TabBarController.swift; sourceTree = "<group>"; };
		A9B10DF22B3335C5001C58DB /* NetworkServisGroups.swift */ = {isa = PBXFileReference; fileEncoding = 4; lastKnownFileType = sourcecode.swift; name = NetworkServisGroups.swift; path = ../../../Downloads/Solution_3.3/Solution_3.2/NetworkServisGroups.swift; sourceTree = "<group>"; };
		A9B10DF32B3335C5001C58DB /* CollectionViewFlowLayoutCards.swift */ = {isa = PBXFileReference; fileEncoding = 4; lastKnownFileType = sourcecode.swift; name = CollectionViewFlowLayoutCards.swift; path = ../../../Downloads/Solution_3.3/Solution_3.2/CollectionViewFlowLayoutCards.swift; sourceTree = "<group>"; };
		A9B10DF42B3335C5001C58DB /* NetworkServisPhotos.swift */ = {isa = PBXFileReference; fileEncoding = 4; lastKnownFileType = sourcecode.swift; name = NetworkServisPhotos.swift; path = ../../../Downloads/Solution_3.3/Solution_3.2/NetworkServisPhotos.swift; sourceTree = "<group>"; };
		A9B10DF62B3335C5001C58DB /* ViewControllerGroups.swift */ = {isa = PBXFileReference; fileEncoding = 4; lastKnownFileType = sourcecode.swift; name = ViewControllerGroups.swift; path = ../../../Downloads/Solution_3.3/Solution_3.2/ViewControllerGroups.swift; sourceTree = "<group>"; };
		A9B10DF72B3335C5001C58DB /* NetworkServisFrends.swift */ = {isa = PBXFileReference; fileEncoding = 4; lastKnownFileType = sourcecode.swift; name = NetworkServisFrends.swift; path = ../../../Downloads/Solution_3.3/Solution_3.2/NetworkServisFrends.swift; sourceTree = "<group>"; };
/* End PBXFileReference section */

/* Begin PBXFrameworksBuildPhase section */
		A9B10DAD2B308CC4001C58DB /* Frameworks */ = {
			isa = PBXFrameworksBuildPhase;
			buildActionMask = 2147483647;
			files = (
			);
			runOnlyForDeploymentPostprocessing = 0;
		};
/* End PBXFrameworksBuildPhase section */

/* Begin PBXGroup section */
		A9B10DA72B308CC4001C58DB = {
			isa = PBXGroup;
			children = (
				A9B10DB22B308CC4001C58DB /* HomeWork_3 */,
				A9B10DB12B308CC4001C58DB /* Products */,
			);
			sourceTree = "<group>";
		};
		A9B10DB12B308CC4001C58DB /* Products */ = {
			isa = PBXGroup;
			children = (
				A9B10DB02B308CC4001C58DB /* HomeWork_3.app */,
			);
			name = Products;
			sourceTree = "<group>";
		};
		A9B10DB22B308CC4001C58DB /* HomeWork_3 */ = {
			isa = PBXGroup;
			children = (
				A9B10DB32B308CC4001C58DB /* AppDelegate.swift */,
				A9B10DB52B308CC4001C58DB /* SceneDelegate.swift */,
				A9B10DED2B3335C5001C58DB /* CollectionViewCards.swift */,
				A9B10DEA2B3335C5001C58DB /* CollectionViewCell.swift */,
				A9B10DF32B3335C5001C58DB /* CollectionViewFlowLayoutCards.swift */,
				A9B10DEB2B3335C5001C58DB /* CustomTableViewCell.swift */,
				A9B10DEE2B3335C5001C58DB /* Frends.swift */,
				A9B10DE72B3335C5001C58DB /* Groups.swift */,
				A9B10DF72B3335C5001C58DB /* NetworkServisFrends.swift */,
				A9B10DF22B3335C5001C58DB /* NetworkServisGroups.swift */,
				A9B10DF42B3335C5001C58DB /* NetworkServisPhotos.swift */,
				A9B10DEC2B3335C5001C58DB /* Photos.swift */,
				A9B10DF02B3335C5001C58DB /* TabBarController.swift */,
				A9B10DE82B3335C5001C58DB /* ViewController.swift */,
				A9B10DE92B3335C5001C58DB /* ViewControllerFrends.swift */,
				A9B10DF62B3335C5001C58DB /* ViewControllerGroups.swift */,
				A9B10DEF2B3335C5001C58DB /* ViewControllerPhotos.swift */,
				A9B10DB92B308CC4001C58DB /* Main.storyboard */,
				A9B10DBC2B308CC6001C58DB /* Assets.xcassets */,
				A9B10DBE2B308CC6001C58DB /* LaunchScreen.storyboard */,
				A9B10DC12B308CC6001C58DB /* Info.plist */,
			);
			path = HomeWork_3;
			sourceTree = "<group>";
		};
/* End PBXGroup section */

/* Begin PBXNativeTarget section */
		A9B10DAF2B308CC4001C58DB /* HomeWork_3 */ = {
			isa = PBXNativeTarget;
			buildConfigurationList = A9B10DC42B308CC6001C58DB /* Build configuration list for PBXNativeTarget "HomeWork_3" */;
			buildPhases = (
				A9B10DAC2B308CC4001C58DB /* Sources */,
				A9B10DAD2B308CC4001C58DB /* Frameworks */,
				A9B10DAE2B308CC4001C58DB /* Resources */,
			);
			buildRules = (
			);
			dependencies = (
			);
			name = HomeWork_3;
			productName = HomeWork_3;
			productReference = A9B10DB02B308CC4001C58DB /* HomeWork_3.app */;
			productType = "com.apple.product-type.application";
		};
/* End PBXNativeTarget section */

/* Begin PBXProject section */
		A9B10DA82B308CC4001C58DB /* Project object */ = {
			isa = PBXProject;
			attributes = {
				BuildIndependentTargetsInParallel = 1;
				LastSwiftUpdateCheck = 1500;
				LastUpgradeCheck = 1500;
				TargetAttributes = {
					A9B10DAF2B308CC4001C58DB = {
						CreatedOnToolsVersion = 15.0.1;
					};
				};
			};
			buildConfigurationList = A9B10DAB2B308CC4001C58DB /* Build configuration list for PBXProject "HomeWork_3" */;
			compatibilityVersion = "Xcode 14.0";
			developmentRegion = en;
			hasScannedForEncodings = 0;
			knownRegions = (
				en,
				Base,
			);
			mainGroup = A9B10DA72B308CC4001C58DB;
			productRefGroup = A9B10DB12B308CC4001C58DB /* Products */;
			projectDirPath = "";
			projectRoot = "";
			targets = (
				A9B10DAF2B308CC4001C58DB /* HomeWork_3 */,
			);
		};
/* End PBXProject section */

/* Begin PBXResourcesBuildPhase section */
		A9B10DAE2B308CC4001C58DB /* Resources */ = {
			isa = PBXResourcesBuildPhase;
			buildActionMask = 2147483647;
			files = (
				A9B10DC02B308CC6001C58DB /* LaunchScreen.storyboard in Resources */,
				A9B10DBD2B308CC6001C58DB /* Assets.xcassets in Resources */,
				A9B10DBB2B308CC4001C58DB /* Main.storyboard in Resources */,
			);
			runOnlyForDeploymentPostprocessing = 0;
		};
/* End PBXResourcesBuildPhase section */

/* Begin PBXSourcesBuildPhase section */
		A9B10DAC2B308CC4001C58DB /* Sources */ = {
			isa = PBXSourcesBuildPhase;
			buildActionMask = 2147483647;
			files = (
				A9B10E032B3335C5001C58DB /* NetworkServisGroups.swift in Sources */,
				A9B10DB42B308CC4001C58DB /* AppDelegate.swift in Sources */,
				A9B10E042B3335C5001C58DB /* CollectionViewFlowLayoutCards.swift in Sources */,
				A9B10E082B3335C5001C58DB /* NetworkServisFrends.swift in Sources */,
				A9B10DFF2B3335C5001C58DB /* Frends.swift in Sources */,
				A9B10DFA2B3335C5001C58DB /* ViewControllerFrends.swift in Sources */,
				A9B10DFB2B3335C5001C58DB /* CollectionViewCell.swift in Sources */,
				A9B10DFC2B3335C5001C58DB /* CustomTableViewCell.swift in Sources */,
				A9B10E072B3335C5001C58DB /* ViewControllerGroups.swift in Sources */,
				A9B10E052B3335C5001C58DB /* NetworkServisPhotos.swift in Sources */,
				A9B10DFD2B3335C5001C58DB /* Photos.swift in Sources */,
				A9B10E002B3335C5001C58DB /* ViewControllerPhotos.swift in Sources */,
				A9B10DB62B308CC4001C58DB /* SceneDelegate.swift in Sources */,
				A9B10DF92B3335C5001C58DB /* ViewController.swift in Sources */,
				A9B10E012B3335C5001C58DB /* TabBarController.swift in Sources */,
				A9B10DFE2B3335C5001C58DB /* CollectionViewCards.swift in Sources */,
				A9B10DF82B3335C5001C58DB /* Groups.swift in Sources */,
			);
			runOnlyForDeploymentPostprocessing = 0;
		};
/* End PBXSourcesBuildPhase section */

/* Begin PBXVariantGroup section */
		A9B10DB92B308CC4001C58DB /* Main.storyboard */ = {
			isa = PBXVariantGroup;
			children = (
				A9B10DBA2B308CC4001C58DB /* Base */,
			);
			name = Main.storyboard;
			sourceTree = "<group>";
		};
		A9B10DBE2B308CC6001C58DB /* LaunchScreen.storyboard */ = {
			isa = PBXVariantGroup;
			children = (
				A9B10DBF2B308CC6001C58DB /* Base */,
			);
			name = LaunchScreen.storyboard;
			sourceTree = "<group>";
		};
/* End PBXVariantGroup section */

/* Begin XCBuildConfiguration section */
		A9B10DC22B308CC6001C58DB /* Debug */ = {
			isa = XCBuildConfiguration;
			buildSettings = {
				ALWAYS_SEARCH_USER_PATHS = NO;
				ASSETCATALOG_COMPILER_GENERATE_SWIFT_ASSET_SYMBOL_EXTENSIONS = YES;
				CLANG_ANALYZER_NONNULL = YES;
				CLANG_ANALYZER_NUMBER_OBJECT_CONVERSION = YES_AGGRESSIVE;
				CLANG_CXX_LANGUAGE_STANDARD = "gnu++20";
				CLANG_ENABLE_MODULES = YES;
				CLANG_ENABLE_OBJC_ARC = YES;
				CLANG_ENABLE_OBJC_WEAK = YES;
				CLANG_WARN_BLOCK_CAPTURE_AUTORELEASING = YES;
				CLANG_WARN_BOOL_CONVERSION = YES;
				CLANG_WARN_COMMA = YES;
				CLANG_WARN_CONSTANT_CONVERSION = YES;
				CLANG_WARN_DEPRECATED_OBJC_IMPLEMENTATIONS = YES;
				CLANG_WARN_DIRECT_OBJC_ISA_USAGE = YES_ERROR;
				CLANG_WARN_DOCUMENTATION_COMMENTS = YES;
				CLANG_WARN_EMPTY_BODY = YES;
				CLANG_WARN_ENUM_CONVERSION = YES;
				CLANG_WARN_INFINITE_RECURSION = YES;
				CLANG_WARN_INT_CONVERSION = YES;
				CLANG_WARN_NON_LITERAL_NULL_CONVERSION = YES;
				CLANG_WARN_OBJC_IMPLICIT_RETAIN_SELF = YES;
				CLANG_WARN_OBJC_LITERAL_CONVERSION = YES;
				CLANG_WARN_OBJC_ROOT_CLASS = YES_ERROR;
				CLANG_WARN_QUOTED_INCLUDE_IN_FRAMEWORK_HEADER = YES;
				CLANG_WARN_RANGE_LOOP_ANALYSIS = YES;
				CLANG_WARN_STRICT_PROTOTYPES = YES;
				CLANG_WARN_SUSPICIOUS_MOVE = YES;
				CLANG_WARN_UNGUARDED_AVAILABILITY = YES_AGGRESSIVE;
				CLANG_WARN_UNREACHABLE_CODE = YES;
				CLANG_WARN__DUPLICATE_METHOD_MATCH = YES;
				COPY_PHASE_STRIP = NO;
				DEBUG_INFORMATION_FORMAT = dwarf;
				ENABLE_STRICT_OBJC_MSGSEND = YES;
				ENABLE_TESTABILITY = YES;
				ENABLE_USER_SCRIPT_SANDBOXING = YES;
				GCC_C_LANGUAGE_STANDARD = gnu17;
				GCC_DYNAMIC_NO_PIC = NO;
				GCC_NO_COMMON_BLOCKS = YES;
				GCC_OPTIMIZATION_LEVEL = 0;
				GCC_PREPROCESSOR_DEFINITIONS = (
					"DEBUG=1",
					"$(inherited)",
				);
				GCC_WARN_64_TO_32_BIT_CONVERSION = YES;
				GCC_WARN_ABOUT_RETURN_TYPE = YES_ERROR;
				GCC_WARN_UNDECLARED_SELECTOR = YES;
				GCC_WARN_UNINITIALIZED_AUTOS = YES_AGGRESSIVE;
				GCC_WARN_UNUSED_FUNCTION = YES;
				GCC_WARN_UNUSED_VARIABLE = YES;
				IPHONEOS_DEPLOYMENT_TARGET = 17.0;
				LOCALIZATION_PREFERS_STRING_CATALOGS = YES;
				MTL_ENABLE_DEBUG_INFO = INCLUDE_SOURCE;
				MTL_FAST_MATH = YES;
				ONLY_ACTIVE_ARCH = YES;
				SDKROOT = iphoneos;
				SWIFT_ACTIVE_COMPILATION_CONDITIONS = "DEBUG $(inherited)";
				SWIFT_OPTIMIZATION_LEVEL = "-Onone";
			};
			name = Debug;
		};
		A9B10DC32B308CC6001C58DB /* Release */ = {
			isa = XCBuildConfiguration;
			buildSettings = {
				ALWAYS_SEARCH_USER_PATHS = NO;
				ASSETCATALOG_COMPILER_GENERATE_SWIFT_ASSET_SYMBOL_EXTENSIONS = YES;
				CLANG_ANALYZER_NONNULL = YES;
				CLANG_ANALYZER_NUMBER_OBJECT_CONVERSION = YES_AGGRESSIVE;
				CLANG_CXX_LANGUAGE_STANDARD = "gnu++20";
				CLANG_ENABLE_MODULES = YES;
				CLANG_ENABLE_OBJC_ARC = YES;
				CLANG_ENABLE_OBJC_WEAK = YES;
				CLANG_WARN_BLOCK_CAPTURE_AUTORELEASING = YES;
				CLANG_WARN_BOOL_CONVERSION = YES;
				CLANG_WARN_COMMA = YES;
				CLANG_WARN_CONSTANT_CONVERSION = YES;
				CLANG_WARN_DEPRECATED_OBJC_IMPLEMENTATIONS = YES;
				CLANG_WARN_DIRECT_OBJC_ISA_USAGE = YES_ERROR;
				CLANG_WARN_DOCUMENTATION_COMMENTS = YES;
				CLANG_WARN_EMPTY_BODY = YES;
				CLANG_WARN_ENUM_CONVERSION = YES;
				CLANG_WARN_INFINITE_RECURSION = YES;
				CLANG_WARN_INT_CONVERSION = YES;
				CLANG_WARN_NON_LITERAL_NULL_CONVERSION = YES;
				CLANG_WARN_OBJC_IMPLICIT_RETAIN_SELF = YES;
				CLANG_WARN_OBJC_LITERAL_CONVERSION = YES;
				CLANG_WARN_OBJC_ROOT_CLASS = YES_ERROR;
				CLANG_WARN_QUOTED_INCLUDE_IN_FRAMEWORK_HEADER = YES;
				CLANG_WARN_RANGE_LOOP_ANALYSIS = YES;
				CLANG_WARN_STRICT_PROTOTYPES = YES;
				CLANG_WARN_SUSPICIOUS_MOVE = YES;
				CLANG_WARN_UNGUARDED_AVAILABILITY = YES_AGGRESSIVE;
				CLANG_WARN_UNREACHABLE_CODE = YES;
				CLANG_WARN__DUPLICATE_METHOD_MATCH = YES;
				COPY_PHASE_STRIP = NO;
				DEBUG_INFORMATION_FORMAT = "dwarf-with-dsym";
				ENABLE_NS_ASSERTIONS = NO;
				ENABLE_STRICT_OBJC_MSGSEND = YES;
				ENABLE_USER_SCRIPT_SANDBOXING = YES;
				GCC_C_LANGUAGE_STANDARD = gnu17;
				GCC_NO_COMMON_BLOCKS = YES;
				GCC_WARN_64_TO_32_BIT_CONVERSION = YES;
				GCC_WARN_ABOUT_RETURN_TYPE = YES_ERROR;
				GCC_WARN_UNDECLARED_SELECTOR = YES;
				GCC_WARN_UNINITIALIZED_AUTOS = YES_AGGRESSIVE;
				GCC_WARN_UNUSED_FUNCTION = YES;
				GCC_WARN_UNUSED_VARIABLE = YES;
				IPHONEOS_DEPLOYMENT_TARGET = 17.0;
				LOCALIZATION_PREFERS_STRING_CATALOGS = YES;
				MTL_ENABLE_DEBUG_INFO = NO;
				MTL_FAST_MATH = YES;
				SDKROOT = iphoneos;
				SWIFT_COMPILATION_MODE = wholemodule;
				VALIDATE_PRODUCT = YES;
			};
			name = Release;
		};
		A9B10DC52B308CC6001C58DB /* Debug */ = {
			isa = XCBuildConfiguration;
			buildSettings = {
				ASSETCATALOG_COMPILER_APPICON_NAME = AppIcon;
				ASSETCATALOG_COMPILER_GLOBAL_ACCENT_COLOR_NAME = AccentColor;
				CODE_SIGN_STYLE = Automatic;
				CURRENT_PROJECT_VERSION = 1;
				GENERATE_INFOPLIST_FILE = YES;
				INFOPLIST_FILE = HomeWork_3/Info.plist;
				INFOPLIST_KEY_UIApplicationSupportsIndirectInputEvents = YES;
				INFOPLIST_KEY_UILaunchStoryboardName = LaunchScreen;
				INFOPLIST_KEY_UIMainStoryboardFile = Main;
				INFOPLIST_KEY_UISupportedInterfaceOrientations_iPad = "UIInterfaceOrientationPortrait UIInterfaceOrientationPortraitUpsideDown UIInterfaceOrientationLandscapeLeft UIInterfaceOrientationLandscapeRight";
				INFOPLIST_KEY_UISupportedInterfaceOrientations_iPhone = "UIInterfaceOrientationPortrait UIInterfaceOrientationLandscapeLeft UIInterfaceOrientationLandscapeRight";
				LD_RUNPATH_SEARCH_PATHS = (
					"$(inherited)",
					"@executable_path/Frameworks",
				);
				MARKETING_VERSION = 1.0;
				PRODUCT_BUNDLE_IDENTIFIER = "OSADOK.HomeWork-3";
				PRODUCT_NAME = "$(TARGET_NAME)";
				SWIFT_EMIT_LOC_STRINGS = YES;
				SWIFT_VERSION = 5.0;
				TARGETED_DEVICE_FAMILY = "1,2";
			};
			name = Debug;
		};
		A9B10DC62B308CC6001C58DB /* Release */ = {
			isa = XCBuildConfiguration;
			buildSettings = {
				ASSETCATALOG_COMPILER_APPICON_NAME = AppIcon;
				ASSETCATALOG_COMPILER_GLOBAL_ACCENT_COLOR_NAME = AccentColor;
				CODE_SIGN_STYLE = Automatic;
				CURRENT_PROJECT_VERSION = 1;
				GENERATE_INFOPLIST_FILE = YES;
				INFOPLIST_FILE = HomeWork_3/Info.plist;
				INFOPLIST_KEY_UIApplicationSupportsIndirectInputEvents = YES;
				INFOPLIST_KEY_UILaunchStoryboardName = LaunchScreen;
				INFOPLIST_KEY_UIMainStoryboardFile = Main;
				INFOPLIST_KEY_UISupportedInterfaceOrientations_iPad = "UIInterfaceOrientationPortrait UIInterfaceOrientationPortraitUpsideDown UIInterfaceOrientationLandscapeLeft UIInterfaceOrientationLandscapeRight";
				INFOPLIST_KEY_UISupportedInterfaceOrientations_iPhone = "UIInterfaceOrientationPortrait UIInterfaceOrientationLandscapeLeft UIInterfaceOrientationLandscapeRight";
				LD_RUNPATH_SEARCH_PATHS = (
					"$(inherited)",
					"@executable_path/Frameworks",
				);
				MARKETING_VERSION = 1.0;
				PRODUCT_BUNDLE_IDENTIFIER = "OSADOK.HomeWork-3";
				PRODUCT_NAME = "$(TARGET_NAME)";
				SWIFT_EMIT_LOC_STRINGS = YES;
				SWIFT_VERSION = 5.0;
				TARGETED_DEVICE_FAMILY = "1,2";
			};
			name = Release;
		};
/* End XCBuildConfiguration section */

/* Begin XCConfigurationList section */
		A9B10DAB2B308CC4001C58DB /* Build configuration list for PBXProject "HomeWork_3" */ = {
			isa = XCConfigurationList;
			buildConfigurations = (
				A9B10DC22B308CC6001C58DB /* Debug */,
				A9B10DC32B308CC6001C58DB /* Release */,
			);
			defaultConfigurationIsVisible = 0;
			defaultConfigurationName = Release;
		};
		A9B10DC42B308CC6001C58DB /* Build configuration list for PBXNativeTarget "HomeWork_3" */ = {
			isa = XCConfigurationList;
			buildConfigurations = (
				A9B10DC52B308CC6001C58DB /* Debug */,
				A9B10DC62B308CC6001C58DB /* Release */,
			);
			defaultConfigurationIsVisible = 0;
			defaultConfigurationName = Release;
		};
/* End XCConfigurationList section */
	};
	rootObject = A9B10DA82B308CC4001C58DB /* Project object */;
}
